
Microsoft Visual Studio Solution File, Format Version 12.00
# Visual Studio Version 16
VisualStudioVersion = 16.0.30320.27
MinimumVisualStudioVersion = 10.0.40219.1
Project("{FAE04EC0-301F-11D3-BF4B-00C04F79EFBC}") = "ClassLibrary1", "ClassLibrary1.csproj", "{B6953AAD-9CB4-4EED-BABF-51C6203A4CA2}"
EndProject
Global
	GlobalSection(SolutionConfigurationPlatforms) = preSolution
		Debug|Any CPU = Debug|Any CPU
		Release|Any CPU = Release|Any CPU
	EndGlobalSection
	GlobalSection(ProjectConfigurationPlatforms) = postSolution
		{B6953AAD-9CB4-4EED-BABF-51C6203A4CA2}.Debug|Any CPU.ActiveCfg = Debug|Any CPU
		{B6953AAD-9CB4-4EED-BABF-51C6203A4CA2}.Debug|Any CPU.Build.0 = Debug|Any CPU
		{B6953AAD-9CB4-4EED-BABF-51C6203A4CA2}.Release|Any CPU.ActiveCfg = Release|Any CPU
		{B6953AAD-9CB4-4EED-BABF-51C6203A4CA2}.Release|Any CPU.Build.0 = Release|Any CPU
	EndGlobalSection
	GlobalSection(SolutionProperties) = preSolution
		HideSolutionNode = FALSE
	EndGlobalSection
	GlobalSection(ExtensibilityGlobals) = postSolution
		SolutionGuid = {6F493D5F-2B23-4BEF-95B8-3A0F298D2C73}
	EndGlobalSection
EndGlobal
